
Microsoft Visual Studio Solution File, Format Version 12.00
Project("{FAE04EC0-301F-11D3-BF4B-00C04F79EFBC}") = "NameSpace", "NameSpace\NameSpace.csproj", "{E688614D-16F3-429D-B140-A737668601B6}"
EndProject
Project("{FAE04EC0-301F-11D3-BF4B-00C04F79EFBC}") = "UsingNameSpace", "UsingNameSpace\UsingNameSpace.csproj", "{3923C5B0-99AB-47D7-B6C9-0EA6868AC4A3}"
EndProject
Project("{FAE04EC0-301F-11D3-BF4B-00C04F79EFBC}") = "Reflection", "Reflection\Reflection.csproj", "{39903DB6-9A5E-4008-BC51-A609186AF62C}"
EndProject
Project("{FAE04EC0-301F-11D3-BF4B-00C04F79EFBC}") = "Events", "Events\Events.csproj", "{E59420AE-CEA1-453A-9B95-913387D02F54}"
EndProject
Project("{FAE04EC0-301F-11D3-BF4B-00C04F79EFBC}") = "Delegates", "Delegates\Delegates.csproj", "{C30F6AB9-94FF-47CE-9CD5-BB7095F5239B}"
EndProject
Project("{FAE04EC0-301F-11D3-BF4B-00C04F79EFBC}") = "VirtualKeyword", "VirtualKeyword\VirtualKeyword.csproj", "{93E0B69F-3E7A-4CB7-9629-D08975CD0CFD}"
EndProject
Project("{FAE04EC0-301F-11D3-BF4B-00C04F79EFBC}") = "ExtensionMethods", "ExtensionMethods\ExtensionMethods.csproj", "{79254F70-46D7-4898-A564-6E06A2620046}"
EndProject
Project("{FAE04EC0-301F-11D3-BF4B-00C04F79EFBC}") = "ServiceProviderExampleAndUsage", "ServiceProviderExampleAndUsage\ServiceProviderExampleAndUsage.csproj", "{D675B68A-F681-4790-9D91-F642538F7BAC}"
EndProject
Global
	GlobalSection(SolutionConfigurationPlatforms) = preSolution
		Debug|Any CPU = Debug|Any CPU
		Release|Any CPU = Release|Any CPU
	EndGlobalSection
	GlobalSection(ProjectConfigurationPlatforms) = postSolution
		{E688614D-16F3-429D-B140-A737668601B6}.Debug|Any CPU.ActiveCfg = Debug|Any CPU
		{E688614D-16F3-429D-B140-A737668601B6}.Debug|Any CPU.Build.0 = Debug|Any CPU
		{E688614D-16F3-429D-B140-A737668601B6}.Release|Any CPU.ActiveCfg = Release|Any CPU
		{E688614D-16F3-429D-B140-A737668601B6}.Release|Any CPU.Build.0 = Release|Any CPU
		{3923C5B0-99AB-47D7-B6C9-0EA6868AC4A3}.Debug|Any CPU.ActiveCfg = Debug|Any CPU
		{3923C5B0-99AB-47D7-B6C9-0EA6868AC4A3}.Debug|Any CPU.Build.0 = Debug|Any CPU
		{3923C5B0-99AB-47D7-B6C9-0EA6868AC4A3}.Release|Any CPU.ActiveCfg = Release|Any CPU
		{3923C5B0-99AB-47D7-B6C9-0EA6868AC4A3}.Release|Any CPU.Build.0 = Release|Any CPU
		{39903DB6-9A5E-4008-BC51-A609186AF62C}.Debug|Any CPU.ActiveCfg = Debug|Any CPU
		{39903DB6-9A5E-4008-BC51-A609186AF62C}.Debug|Any CPU.Build.0 = Debug|Any CPU
		{39903DB6-9A5E-4008-BC51-A609186AF62C}.Release|Any CPU.ActiveCfg = Release|Any CPU
		{39903DB6-9A5E-4008-BC51-A609186AF62C}.Release|Any CPU.Build.0 = Release|Any CPU
		{E59420AE-CEA1-453A-9B95-913387D02F54}.Debug|Any CPU.ActiveCfg = Debug|Any CPU
		{E59420AE-CEA1-453A-9B95-913387D02F54}.Debug|Any CPU.Build.0 = Debug|Any CPU
		{E59420AE-CEA1-453A-9B95-913387D02F54}.Release|Any CPU.ActiveCfg = Release|Any CPU
		{E59420AE-CEA1-453A-9B95-913387D02F54}.Release|Any CPU.Build.0 = Release|Any CPU
		{C30F6AB9-94FF-47CE-9CD5-BB7095F5239B}.Debug|Any CPU.ActiveCfg = Debug|Any CPU
		{C30F6AB9-94FF-47CE-9CD5-BB7095F5239B}.Debug|Any CPU.Build.0 = Debug|Any CPU
		{C30F6AB9-94FF-47CE-9CD5-BB7095F5239B}.Release|Any CPU.ActiveCfg = Release|Any CPU
		{C30F6AB9-94FF-47CE-9CD5-BB7095F5239B}.Release|Any CPU.Build.0 = Release|Any CPU
		{93E0B69F-3E7A-4CB7-9629-D08975CD0CFD}.Debug|Any CPU.ActiveCfg = Debug|Any CPU
		{93E0B69F-3E7A-4CB7-9629-D08975CD0CFD}.Debug|Any CPU.Build.0 = Debug|Any CPU
		{93E0B69F-3E7A-4CB7-9629-D08975CD0CFD}.Release|Any CPU.ActiveCfg = Release|Any CPU
		{93E0B69F-3E7A-4CB7-9629-D08975CD0CFD}.Release|Any CPU.Build.0 = Release|Any CPU
		{79254F70-46D7-4898-A564-6E06A2620046}.Debug|Any CPU.ActiveCfg = Debug|Any CPU
		{79254F70-46D7-4898-A564-6E06A2620046}.Debug|Any CPU.Build.0 = Debug|Any CPU
		{79254F70-46D7-4898-A564-6E06A2620046}.Release|Any CPU.ActiveCfg = Release|Any CPU
		{79254F70-46D7-4898-A564-6E06A2620046}.Release|Any CPU.Build.0 = Release|Any CPU
		{D675B68A-F681-4790-9D91-F642538F7BAC}.Debug|Any CPU.ActiveCfg = Debug|Any CPU
		{D675B68A-F681-4790-9D91-F642538F7BAC}.Debug|Any CPU.Build.0 = Debug|Any CPU
		{D675B68A-F681-4790-9D91-F642538F7BAC}.Release|Any CPU.ActiveCfg = Release|Any CPU
		{D675B68A-F681-4790-9D91-F642538F7BAC}.Release|Any CPU.Build.0 = Release|Any CPU
	EndGlobalSection
EndGlobal
